
Microsoft Visual Studio Solution File, Format Version 12.00
# Visual Studio Version 17
VisualStudioVersion = 17.7.34018.315
MinimumVisualStudioVersion = 10.0.40219.1
Project("{9A19103F-16F7-4668-BE54-9A1E7A4F7556}") = "WindowsAppInstaller", "WindowsAppInstaller\WindowsAppInstaller.csproj", "{F6AE13E1-0B05-49A7-8779-84025D9A8521}"
EndProject
Global
	GlobalSection(SolutionConfigurationPlatforms) = preSolution
		Debug|Any CPU = Debug|Any CPU
		Release|Any CPU = Release|Any CPU
	EndGlobalSection
	GlobalSection(ProjectConfigurationPlatforms) = postSolution
		{F6AE13E1-0B05-49A7-8779-84025D9A8521}.Debug|Any CPU.ActiveCfg = Debug|Any CPU
		{F6AE13E1-0B05-49A7-8779-84025D9A8521}.Debug|Any CPU.Build.0 = Debug|Any CPU
		{F6AE13E1-0B05-49A7-8779-84025D9A8521}.Release|Any CPU.ActiveCfg = Release|Any CPU
		{F6AE13E1-0B05-49A7-8779-84025D9A8521}.Release|Any CPU.Build.0 = Release|Any CPU
	EndGlobalSection
	GlobalSection(SolutionProperties) = preSolution
		HideSolutionNode = FALSE
	EndGlobalSection
	GlobalSection(ExtensibilityGlobals) = postSolution
		SolutionGuid = {A08D2681-7F2F-45A5-80AA-F7757B439B65}
	EndGlobalSection
EndGlobal
